
Microsoft Visual Studio Solution File, Format Version 12.00
# Visual Studio Version 16
VisualStudioVersion = 16.0.29709.97
MinimumVisualStudioVersion = 10.0.40219.1
Project("{FAE04EC0-301F-11D3-BF4B-00C04F79EFBC}") = "Julero", "Julero\Julero.csproj", "{11CD3E16-EE11-4F47-8961-7FAEF938CCD6}"
EndProject
Global
	GlobalSection(SolutionConfigurationPlatforms) = preSolution
		Debug|Any CPU = Debug|Any CPU
		Release|Any CPU = Release|Any CPU
	EndGlobalSection
	GlobalSection(ProjectConfigurationPlatforms) = postSolution
		{11CD3E16-EE11-4F47-8961-7FAEF938CCD6}.Debug|Any CPU.ActiveCfg = Debug|Any CPU
		{11CD3E16-EE11-4F47-8961-7FAEF938CCD6}.Debug|Any CPU.Build.0 = Debug|Any CPU
		{11CD3E16-EE11-4F47-8961-7FAEF938CCD6}.Release|Any CPU.ActiveCfg = Release|Any CPU
		{11CD3E16-EE11-4F47-8961-7FAEF938CCD6}.Release|Any CPU.Build.0 = Release|Any CPU
	EndGlobalSection
	GlobalSection(SolutionProperties) = preSolution
		HideSolutionNode = FALSE
	EndGlobalSection
	GlobalSection(ExtensibilityGlobals) = postSolution
		SolutionGuid = {E018F302-5F0E-4BEF-80EC-EE0AB6FB3440}
	EndGlobalSection
EndGlobal
